// !$*UTF8*$!
{
	archiveVersion = 1;
	classes = {
	};
	objectVersion = 46;
	objects = {

/* Begin PBXBuildFile section */
		0E2BB2A71ECE90460036B094 /* main.m in Sources */ = {isa = PBXBuildFile; fileRef = 0E2BB2A61ECE90460036B094 /* main.m */; };
		0E2BB2AA1ECE90460036B094 /* AppDelegate.m in Sources */ = {isa = PBXBuildFile; fileRef = 0E2BB2A91ECE90460036B094 /* AppDelegate.m */; };
		0E2BB2AD1ECE90460036B094 /* ViewController.m in Sources */ = {isa = PBXBuildFile; fileRef = 0E2BB2AC1ECE90460036B094 /* ViewController.m */; };
		0E2BB2B01ECE90460036B094 /* Main.storyboard in Resources */ = {isa = PBXBuildFile; fileRef = 0E2BB2AE1ECE90460036B094 /* Main.storyboard */; };
		0E2BB2B21ECE90460036B094 /* Assets.xcassets in Resources */ = {isa = PBXBuildFile; fileRef = 0E2BB2B11ECE90460036B094 /* Assets.xcassets */; };
		0E2BB2B51ECE90460036B094 /* LaunchScreen.storyboard in Resources */ = {isa = PBXBuildFile; fileRef = 0E2BB2B31ECE90460036B094 /* LaunchScreen.storyboard */; };
		0E2BB2DA1ECEC58D0036B094 /* 3.png in Resources */ = {isa = PBXBuildFile; fileRef = 0E2BB2D61ECEC58D0036B094 /* 3.png */; };
		0E2BB2DB1ECEC58D0036B094 /* 2.png in Resources */ = {isa = PBXBuildFile; fileRef = 0E2BB2D71ECEC58D0036B094 /* 2.png */; };
		0E2BB2DC1ECEC58D0036B094 /* 4.png in Resources */ = {isa = PBXBuildFile; fileRef = 0E2BB2D81ECEC58D0036B094 /* 4.png */; };
		0E2BB2DD1ECEC58D0036B094 /* 1.png in Resources */ = {isa = PBXBuildFile; fileRef = 0E2BB2D91ECEC58D0036B094 /* 1.png */; };
		0E2BB2E51ECEE6DA0036B094 /* 5.png in Resources */ = {isa = PBXBuildFile; fileRef = 0E2BB2E41ECEE6DA0036B094 /* 5.png */; };
		0E2BB2E81ECEEBE80036B094 /* ImageCell.m in Sources */ = {isa = PBXBuildFile; fileRef = 0E2BB2E71ECEEBE80036B094 /* ImageCell.m */; };
/* End PBXBuildFile section */

/* Begin PBXFileReference section */
		0E2BB2A21ECE90460036B094 /* ScrollImage.app */ = {isa = PBXFileReference; explicitFileType = wrapper.application; includeInIndex = 0; path = ScrollImage.app; sourceTree = BUILT_PRODUCTS_DIR; };
		0E2BB2A61ECE90460036B094 /* main.m */ = {isa = PBXFileReference; lastKnownFileType = sourcecode.c.objc; path = main.m; sourceTree = "<group>"; };
		0E2BB2A81ECE90460036B094 /* AppDelegate.h */ = {isa = PBXFileReference; lastKnownFileType = sourcecode.c.h; path = AppDelegate.h; sourceTree = "<group>"; };
		0E2BB2A91ECE90460036B094 /* AppDelegate.m */ = {isa = PBXFileReference; lastKnownFileType = sourcecode.c.objc; path = AppDelegate.m; sourceTree = "<group>"; };
		0E2BB2AB1ECE90460036B094 /* ViewController.h */ = {isa = PBXFileReference; lastKnownFileType = sourcecode.c.h; path = ViewController.h; sourceTree = "<group>"; };
		0E2BB2AC1ECE90460036B094 /* ViewController.m */ = {isa = PBXFileReference; lastKnownFileType = sourcecode.c.objc; path = ViewController.m; sourceTree = "<group>"; };
		0E2BB2AF1ECE90460036B094 /* Base */ = {isa = PBXFileReference; lastKnownFileType = file.storyboard; name = Base; path = Base.lproj/Main.storyboard; sourceTree = "<group>"; };
		0E2BB2B11ECE90460036B094 /* Assets.xcassets */ = {isa = PBXFileReference; lastKnownFileType = folder.assetcatalog; path = Assets.xcassets; sourceTree = "<group>"; };
		0E2BB2B41ECE90460036B094 /* Base */ = {isa = PBXFileReference; lastKnownFileType = file.storyboard; name = Base; path = Base.lproj/LaunchScreen.storyboard; sourceTree = "<group>"; };
		0E2BB2B61ECE90460036B094 /* Info.plist */ = {isa = PBXFileReference; lastKnownFileType = text.plist.xml; path = Info.plist; sourceTree = "<group>"; };
		0E2BB2D61ECEC58D0036B094 /* 3.png */ = {isa = PBXFileReference; lastKnownFileType = image.png; path = 3.png; sourceTree = "<group>"; };
		0E2BB2D71ECEC58D0036B094 /* 2.png */ = {isa = PBXFileReference; lastKnownFileType = image.png; path = 2.png; sourceTree = "<group>"; };
		0E2BB2D81ECEC58D0036B094 /* 4.png */ = {isa = PBXFileReference; lastKnownFileType = image.png; path = 4.png; sourceTree = "<group>"; };
		0E2BB2D91ECEC58D0036B094 /* 1.png */ = {isa = PBXFileReference; lastKnownFileType = image.png; path = 1.png; sourceTree = "<group>"; };
		0E2BB2E41ECEE6DA0036B094 /* 5.png */ = {isa = PBXFileReference; lastKnownFileType = image.png; path = 5.png; sourceTree = "<group>"; };
		0E2BB2E61ECEEBE80036B094 /* ImageCell.h */ = {isa = PBXFileReference; fileEncoding = 4; lastKnownFileType = sourcecode.c.h; path = ImageCell.h; sourceTree = "<group>"; };
		0E2BB2E71ECEEBE80036B094 /* ImageCell.m */ = {isa = PBXFileReference; fileEncoding = 4; lastKnownFileType = sourcecode.c.objc; path = ImageCell.m; sourceTree = "<group>"; };
/* End PBXFileReference section */

/* Begin PBXFrameworksBuildPhase section */
		0E2BB29F1ECE90460036B094 /* Frameworks */ = {
			isa = PBXFrameworksBuildPhase;
			buildActionMask = 2147483647;
			files = (
			);
			runOnlyForDeploymentPostprocessing = 0;
		};
/* End PBXFrameworksBuildPhase section */

/* Begin PBXGroup section */
		0E2BB2991ECE90460036B094 = {
			isa = PBXGroup;
			children = (
				0E2BB2A41ECE90460036B094 /* ScrollImage */,
				0E2BB2A31ECE90460036B094 /* Products */,
			);
			sourceTree = "<group>";
		};
		0E2BB2A31ECE90460036B094 /* Products */ = {
			isa = PBXGroup;
			children = (
				0E2BB2A21ECE90460036B094 /* ScrollImage.app */,
			);
			name = Products;
			sourceTree = "<group>";
		};
		0E2BB2A41ECE90460036B094 /* ScrollImage */ = {
			isa = PBXGroup;
			children = (
				0E2BB2BF1ECE9BE10036B094 /* images */,
				0E2BB2A81ECE90460036B094 /* AppDelegate.h */,
				0E2BB2A91ECE90460036B094 /* AppDelegate.m */,
				0E2BB2AB1ECE90460036B094 /* ViewController.h */,
				0E2BB2AC1ECE90460036B094 /* ViewController.m */,
				0E2BB2E61ECEEBE80036B094 /* ImageCell.h */,
				0E2BB2E71ECEEBE80036B094 /* ImageCell.m */,
				0E2BB2AE1ECE90460036B094 /* Main.storyboard */,
				0E2BB2B11ECE90460036B094 /* Assets.xcassets */,
				0E2BB2B31ECE90460036B094 /* LaunchScreen.storyboard */,
				0E2BB2B61ECE90460036B094 /* Info.plist */,
				0E2BB2A51ECE90460036B094 /* Supporting Files */,
			);
			path = ScrollImage;
			sourceTree = "<group>";
		};
		0E2BB2A51ECE90460036B094 /* Supporting Files */ = {
			isa = PBXGroup;
			children = (
				0E2BB2A61ECE90460036B094 /* main.m */,
			);
			name = "Supporting Files";
			sourceTree = "<group>";
		};
		0E2BB2BF1ECE9BE10036B094 /* images */ = {
			isa = PBXGroup;
			children = (
				0E2BB2E41ECEE6DA0036B094 /* 5.png */,
				0E2BB2D81ECEC58D0036B094 /* 4.png */,
				0E2BB2D61ECEC58D0036B094 /* 3.png */,
				0E2BB2D71ECEC58D0036B094 /* 2.png */,
				0E2BB2D91ECEC58D0036B094 /* 1.png */,
			);
			path = images;
			sourceTree = "<group>";
		};
/* End PBXGroup section */

/* Begin PBXNativeTarget section */
		0E2BB2A11ECE90460036B094 /* ScrollImage */ = {
			isa = PBXNativeTarget;
			buildConfigurationList = 0E2BB2B91ECE90460036B094 /* Build configuration list for PBXNativeTarget "ScrollImage" */;
			buildPhases = (
				0E2BB29E1ECE90460036B094 /* Sources */,
				0E2BB29F1ECE90460036B094 /* Frameworks */,
				0E2BB2A01ECE90460036B094 /* Resources */,
			);
			buildRules = (
			);
			dependencies = (
			);
			name = ScrollImage;
			productName = ScrollImage;
			productReference = 0E2BB2A21ECE90460036B094 /* ScrollImage.app */;
			productType = "com.apple.product-type.application";
		};
/* End PBXNativeTarget section */

/* Begin PBXProject section */
		0E2BB29A1ECE90460036B094 /* Project object */ = {
			isa = PBXProject;
			attributes = {
				LastUpgradeCheck = 0830;
				ORGANIZATIONNAME = "武国斌";
				TargetAttributes = {
					0E2BB2A11ECE90460036B094 = {
						CreatedOnToolsVersion = 8.3.2;
						DevelopmentTeam = SPNH83SVEV;
						ProvisioningStyle = Manual;
					};
				};
			};
			buildConfigurationList = 0E2BB29D1ECE90460036B094 /* Build configuration list for PBXProject "ScrollImage" */;
			compatibilityVersion = "Xcode 3.2";
			developmentRegion = English;
			hasScannedForEncodings = 0;
			knownRegions = (
				en,
				Base,
			);
			mainGroup = 0E2BB2991ECE90460036B094;
			productRefGroup = 0E2BB2A31ECE90460036B094 /* Products */;
			projectDirPath = "";
			projectRoot = "";
			targets = (
				0E2BB2A11ECE90460036B094 /* ScrollImage */,
			);
		};
/* End PBXProject section */

/* Begin PBXResourcesBuildPhase section */
		0E2BB2A01ECE90460036B094 /* Resources */ = {
			isa = PBXResourcesBuildPhase;
			buildActionMask = 2147483647;
			files = (
				0E2BB2DC1ECEC58D0036B094 /* 4.png in Resources */,
				0E2BB2B51ECE90460036B094 /* LaunchScreen.storyboard in Resources */,
				0E2BB2B21ECE90460036B094 /* Assets.xcassets in Resources */,
				0E2BB2DB1ECEC58D0036B094 /* 2.png in Resources */,
				0E2BB2B01ECE90460036B094 /* Main.storyboard in Resources */,
				0E2BB2E51ECEE6DA0036B094 /* 5.png in Resources */,
				0E2BB2DA1ECEC58D0036B094 /* 3.png in Resources */,
				0E2BB2DD1ECEC58D0036B094 /* 1.png in Resources */,
			);
			runOnlyForDeploymentPostprocessing = 0;
		};
/* End PBXResourcesBuildPhase section */

/* Begin PBXSourcesBuildPhase section */
		0E2BB29E1ECE90460036B094 /* Sources */ = {
			isa = PBXSourcesBuildPhase;
			buildActionMask = 2147483647;
			files = (
				0E2BB2AD1ECE90460036B094 /* ViewController.m in Sources */,
				0E2BB2E81ECEEBE80036B094 /* ImageCell.m in Sources */,
				0E2BB2AA1ECE90460036B094 /* AppDelegate.m in Sources */,
				0E2BB2A71ECE90460036B094 /* main.m in Sources */,
			);
			runOnlyForDeploymentPostprocessing = 0;
		};
/* End PBXSourcesBuildPhase section */

/* Begin PBXVariantGroup section */
		0E2BB2AE1ECE90460036B094 /* Main.storyboard */ = {
			isa = PBXVariantGroup;
			children = (
				0E2BB2AF1ECE90460036B094 /* Base */,
			);
			name = Main.storyboard;
			sourceTree = "<group>";
		};
		0E2BB2B31ECE90460036B094 /* LaunchScreen.storyboard */ = {
			isa = PBXVariantGroup;
			children = (
				0E2BB2B41ECE90460036B094 /* Base */,
			);
			name = LaunchScreen.storyboard;
			sourceTree = "<group>";
		};
/* End PBXVariantGroup section */

/* Begin XCBuildConfiguration section */
		0E2BB2B71ECE90460036B094 /* Debug */ = {
			isa = XCBuildConfiguration;
			buildSettings = {
				ALWAYS_SEARCH_USER_PATHS = NO;
				CLANG_ANALYZER_NONNULL = YES;
				CLANG_ANALYZER_NUMBER_OBJECT_CONVERSION = YES_AGGRESSIVE;
				CLANG_CXX_LANGUAGE_STANDARD = "gnu++0x";
				CLANG_CXX_LIBRARY = "libc++";
				CLANG_ENABLE_MODULES = YES;
				CLANG_ENABLE_OBJC_ARC = YES;
				CLANG_WARN_BOOL_CONVERSION = YES;
				CLANG_WARN_CONSTANT_CONVERSION = YES;
				CLANG_WARN_DIRECT_OBJC_ISA_USAGE = YES_ERROR;
				CLANG_WARN_DOCUMENTATION_COMMENTS = YES;
				CLANG_WARN_EMPTY_BODY = YES;
				CLANG_WARN_ENUM_CONVERSION = YES;
				CLANG_WARN_INFINITE_RECURSION = YES;
				CLANG_WARN_INT_CONVERSION = YES;
				CLANG_WARN_OBJC_ROOT_CLASS = YES_ERROR;
				CLANG_WARN_SUSPICIOUS_MOVE = YES;
				CLANG_WARN_UNREACHABLE_CODE = YES;
				CLANG_WARN__DUPLICATE_METHOD_MATCH = YES;
				"CODE_SIGN_IDENTITY[sdk=iphoneos*]" = "iPhone Developer";
				COPY_PHASE_STRIP = NO;
				DEBUG_INFORMATION_FORMAT = dwarf;
				ENABLE_STRICT_OBJC_MSGSEND = YES;
				ENABLE_TESTABILITY = YES;
				GCC_C_LANGUAGE_STANDARD = gnu99;
				GCC_DYNAMIC_NO_PIC = NO;
				GCC_NO_COMMON_BLOCKS = YES;
				GCC_OPTIMIZATION_LEVEL = 0;
				GCC_PREPROCESSOR_DEFINITIONS = (
					"DEBUG=1",
					"$(inherited)",
				);
				GCC_WARN_64_TO_32_BIT_CONVERSION = YES;
				GCC_WARN_ABOUT_RETURN_TYPE = YES_ERROR;
				GCC_WARN_UNDECLARED_SELECTOR = YES;
				GCC_WARN_UNINITIALIZED_AUTOS = YES_AGGRESSIVE;
				GCC_WARN_UNUSED_FUNCTION = YES;
				GCC_WARN_UNUSED_VARIABLE = YES;
				IPHONEOS_DEPLOYMENT_TARGET = 10.3;
				MTL_ENABLE_DEBUG_INFO = YES;
				ONLY_ACTIVE_ARCH = YES;
				SDKROOT = iphoneos;
			};
			name = Debug;
		};
		0E2BB2B81ECE90460036B094 /* Release */ = {
			isa = XCBuildConfiguration;
			buildSettings = {
				ALWAYS_SEARCH_USER_PATHS = NO;
				CLANG_ANALYZER_NONNULL = YES;
				CLANG_ANALYZER_NUMBER_OBJECT_CONVERSION = YES_AGGRESSIVE;
				CLANG_CXX_LANGUAGE_STANDARD = "gnu++0x";
				CLANG_CXX_LIBRARY = "libc++";
				CLANG_ENABLE_MODULES = YES;
				CLANG_ENABLE_OBJC_ARC = YES;
				CLANG_WARN_BOOL_CONVERSION = YES;
				CLANG_WARN_CONSTANT_CONVERSION = YES;
				CLANG_WARN_DIRECT_OBJC_ISA_USAGE = YES_ERROR;
				CLANG_WARN_DOCUMENTATION_COMMENTS = YES;
				CLANG_WARN_EMPTY_BODY = YES;
				CLANG_WARN_ENUM_CONVERSION = YES;
				CLANG_WARN_INFINITE_RECURSION = YES;
				CLANG_WARN_INT_CONVERSION = YES;
				CLANG_WARN_OBJC_ROOT_CLASS = YES_ERROR;
				CLANG_WARN_SUSPICIOUS_MOVE = YES;
				CLANG_WARN_UNREACHABLE_CODE = YES;
				CLANG_WARN__DUPLICATE_METHOD_MATCH = YES;
				"CODE_SIGN_IDENTITY[sdk=iphoneos*]" = "iPhone Developer";
				COPY_PHASE_STRIP = NO;
				DEBUG_INFORMATION_FORMAT = "dwarf-with-dsym";
				ENABLE_NS_ASSERTIONS = NO;
				ENABLE_STRICT_OBJC_MSGSEND = YES;
				GCC_C_LANGUAGE_STANDARD = gnu99;
				GCC_NO_COMMON_BLOCKS = YES;
				GCC_WARN_64_TO_32_BIT_CONVERSION = YES;
				GCC_WARN_ABOUT_RETURN_TYPE = YES_ERROR;
				GCC_WARN_UNDECLARED_SELECTOR = YES;
				GCC_WARN_UNINITIALIZED_AUTOS = YES_AGGRESSIVE;
				GCC_WARN_UNUSED_FUNCTION = YES;
				GCC_WARN_UNUSED_VARIABLE = YES;
				IPHONEOS_DEPLOYMENT_TARGET = 10.3;
				MTL_ENABLE_DEBUG_INFO = NO;
				SDKROOT = iphoneos;
				VALIDATE_PRODUCT = YES;
			};
			name = Release;
		};
		0E2BB2BA1ECE90460036B094 /* Debug */ = {
			isa = XCBuildConfiguration;
			buildSettings = {
				ASSETCATALOG_COMPILER_APPICON_NAME = AppIcon;
				DEVELOPMENT_TEAM = SPNH83SVEV;
				INFOPLIST_FILE = ScrollImage/Info.plist;
				IPHONEOS_DEPLOYMENT_TARGET = 10.2;
				LD_RUNPATH_SEARCH_PATHS = "$(inherited) @executable_path/Frameworks";
				PRODUCT_BUNDLE_IDENTIFIER = com.yucapri.ScrollImage;
				PRODUCT_NAME = "$(TARGET_NAME)";
				PROVISIONING_PROFILE = "6de0383c-ef7a-4d68-9fd8-7645ab5be6d9";
				PROVISIONING_PROFILE_SPECIFIER = "code space developer profile";
			};
			name = Debug;
		};
		0E2BB2BB1ECE90460036B094 /* Release */ = {
			isa = XCBuildConfiguration;
			buildSettings = {
				ASSETCATALOG_COMPILER_APPICON_NAME = AppIcon;
				DEVELOPMENT_TEAM = SPNH83SVEV;
				INFOPLIST_FILE = ScrollImage/Info.plist;
				IPHONEOS_DEPLOYMENT_TARGET = 10.2;
				LD_RUNPATH_SEARCH_PATHS = "$(inherited) @executable_path/Frameworks";
				PRODUCT_BUNDLE_IDENTIFIER = com.yucapri.ScrollImage;
				PRODUCT_NAME = "$(TARGET_NAME)";
				PROVISIONING_PROFILE = "6de0383c-ef7a-4d68-9fd8-7645ab5be6d9";
				PROVISIONING_PROFILE_SPECIFIER = "code space developer profile";
			};
			name = Release;
		};
/* End XCBuildConfiguration section */

/* Begin XCConfigurationList section */
		0E2BB29D1ECE90460036B094 /* Build configuration list for PBXProject "ScrollImage" */ = {
			isa = XCConfigurationList;
			buildConfigurations = (
				0E2BB2B71ECE90460036B094 /* Debug */,
				0E2BB2B81ECE90460036B094 /* Release */,
			);
			defaultConfigurationIsVisible = 0;
			defaultConfigurationName = Release;
		};
		0E2BB2B91ECE90460036B094 /* Build configuration list for PBXNativeTarget "ScrollImage" */ = {
			isa = XCConfigurationList;
			buildConfigurations = (
				0E2BB2BA1ECE90460036B094 /* Debug */,
				0E2BB2BB1ECE90460036B094 /* Release */,
			);
			defaultConfigurationIsVisible = 0;
		};
/* End XCConfigurationList section */
	};
	rootObject = 0E2BB29A1ECE90460036B094 /* Project object */;
}
